{
  "nodes": {
    "disko": {
      "inputs": {
        "nixpkgs": [
          "nixpkgs"
        ]
      },
      "locked": {
        "lastModified": 1789770686,
        "narHash": "sha256-uZkBR7yHdIKUFB5SZdfgh1qkGfI3XmYmI/lTiquxbck=",
        "owner": "nix-community",
        "repo": "disko",
        "rev": "725ea35e410ad83be4931d1bff7e090eacaf3563",
        "type": "github"
      },
      "original": {
        "owner": "nix-community",
        "repo": "disko",
        "type": "github"
      }
    },
    "flake-parts": {
      "inputs": {
        "nixpkgs-lib": "nixpkgs-lib"
      },
      "locked": {
        "lastModified": 1788450739,
        "narHash": "sha256-glZLQlzIn1fXH6PazR2iUmTo7kzzyYSshrWhLS9TqCU=",
        "owner": "hercules-ci",
        "repo": "flake-parts",
        "rev": "31729ca8cbdb4fa927b34e5f4353e6a83f39e993",
        "type": "github"
      },
      "original": {
        "owner": "hercules-ci",
        "repo": "flake-parts",
        "type": "github"
      }
    },
    "home-manager": {
      "inputs": {
        "nixpkgs": [
          "nixpkgs"
        ]
      },
      "locked": {
        "lastModified": 1790080548,
        "narHash": "sha256-u4sa7RCbwvk8cZmAGs35F7o0h4IqDc3wsrrnjQvMumk=",
        "owner": "nix-community",
        "repo": "home-manager",
        "rev": "cbcbfa2778e0c5653ef349df3ebae8288efac3c0",
        "type": "github"
      },
      "original": {
        "owner": "nix-community",
        "repo": "home-manager",
        "type": "github"
      }
    },
    "import-tree": {
      "locked": {
        "lastModified": 1788467110,
        "narHash": "sha256-ljEMTXP/rH0tOvDzc9gzwww6KcHRPRnEHzd9lK48V7s=",
        "owner": "vic",
        "repo": "import-tree",
        "rev": "eb1b52eaecc57f7c136d07ae8a93e724dfecac46",
        "type": "github"
      },
      "original": {
        "owner": "vic",
        "repo": "import-tree",
        "type": "github"
      }
    },
    "nix-flatpak": {
      "locked": {
        "lastModified": 1789496567,
        "narHash": "sha256-f9ze1ph2u0lk/Hm7/w/OvC0ESL1z0LbQ5UDgcOwQzLM=",
        "owner": "gmodena",
        "repo": "nix-flatpak",
        "rev": "07e8980c2fe421c93c0749f6246db34422827f67",
        "type": "github"
      },
      "original": {
        "owner": "gmodena",
        "repo": "nix-flatpak",
        "type": "github"
      }
    },
    "nixpkgs": {
      "locked": {
        "lastModified": 1790046670,
        "narHash": "sha256-MYiI+CzL0tuWgRPjGsKCDHqYs2T3OzMlMQWOYWG0qso=",
        "owner": "NixOS",
        "repo": "nixpkgs",
        "rev": "6774f7bc253789b113a4f39285dc0fa100abeacc",
        "type": "github"
      },
      "original": {
        "owner": "NixOS",
        "ref": "nixos-unstable",
        "repo": "nixpkgs",
        "type": "github"
      }
    },
    "nixpkgs-lib": {
      "locked": {
        "lastModified": 1788057806,
        "narHash": "sha256-DTQSMxzDWmT0zhguthvegnVkn7CFqGCv4IHCzk5ZUpM=",
        "owner": "nix-community",
        "repo": "nixpkgs.lib",
        "rev": "596e2e3940e09b2abbeb03f75fa1828c57fcd72c",
        "type": "github"
      },
      "original": {
        "owner": "nix-community",
        "repo": "nixpkgs.lib",
        "type": "github"
      }
    },
    "nixpkgs-libxml2": {
      "locked": {
        "lastModified": 1751274312,
        "narHash": "sha256-/bVBlRpECLVzjV19t5KMdMFWSwKLtb5RyXdjz3LJT+g=",
        "owner": "NixOS",
        "repo": "nixpkgs",
        "rev": "50ab793786d9de88ee30ec4e4c24fb4236fc2674",
        "type": "github"
      },
      "original": {
        "owner": "NixOS",
        "ref": "nixos-24.11",
        "repo": "nixpkgs",
        "type": "github"
      }
    },
    "nixpkgs_2": {
      "locked": {
        "lastModified": 1789684949,
        "narHash": "sha256-ZKhUe/2IJUq1JhKxKMu8rbkgSGmPP2ZCqlIPn40aGCM=",
        "owner": "NixOS",
        "repo": "nixpkgs",
        "rev": "e554fab72f81915600f3f449b786fd9af40439a5",
        "type": "github"
      },
      "original": {
        "owner": "NixOS",
        "ref": "nixos-unstable",
        "repo": "nixpkgs",
        "type": "github"
      }
    },
    "nixpkgs_3": {
      "locked": {
        "lastModified": 1788431191,
        "narHash": "sha256-MFClkboDeW56feBCAeAV3Z3J2quGSZFlAOXQ4JjIlIA=",
        "owner": "NixOS",
        "repo": "nixpkgs",
        "rev": "9b9402b959a2276982ddd5ad3652a38b97f7c40b",
        "type": "github"
      },
      "original": {
        "owner": "NixOS",
        "ref": "nixpkgs-unstable",
        "repo": "nixpkgs",
        "type": "github"
      }
    },
    "numen": {
      "inputs": {
        "nixpkgs": [
          "vicinae",
          "nixpkgs"
        ]
      },
      "locked": {
        "lastModified": 1789761689,
        "narHash": "sha256-kZmr3Bd0ehbq43/rDXtkuexWpMN8HyE0iqw1LlaartM=",
        "owner": "vicinaehq",
        "repo": "numen",
        "rev": "7379178f9c2fc4dc0c1965c1800e62ef764118f4",
        "type": "github"
      },
      "original": {
        "owner": "vicinaehq",
        "ref": "v0.6.2",
        "repo": "numen",
        "type": "github"
      }
    },
    "root": {
      "inputs": {
        "disko": "disko",
        "flake-parts": "flake-parts",
        "home-manager": "home-manager",
        "import-tree": "import-tree",
        "nix-flatpak": "nix-flatpak",
        "nixpkgs": "nixpkgs",
        "vicinae": "vicinae",
        "wrapper-modules": "wrapper-modules"
      }
    },
    "soulver-cpp": {
      "inputs": {
        "nixpkgs": [
          "vicinae",
          "nixpkgs"
        ],
        "nixpkgs-libxml2": "nixpkgs-libxml2"
      },
      "locked": {
        "lastModified": 1783621734,
        "narHash": "sha256-YBFO+aurlz2y2hTRN1Kl0RjX6JzHn0mYBmt4zb436Yg=",
        "owner": "vicinaehq",
        "repo": "soulver-cpp",
        "rev": "00e926e2bd03118638c88981f6a67bfa107210c2",
        "type": "github"
      },
      "original": {
        "owner": "vicinaehq",
        "repo": "soulver-cpp",
        "type": "github"
      }
    },
    "systems": {
      "locked": {
        "lastModified": 1681028828,
        "narHash": "sha256-Vy1rq5AaRuLzOxct8nz4T6wlgyUR7zLU309k9mBC768=",
        "owner": "nix-systems",
        "repo": "default",
        "rev": "da67096a3b9bf56a91d16901293e51ba5b49a27e",
        "type": "github"
      },
      "original": {
        "owner": "nix-systems",
        "repo": "default",
        "type": "github"
      }
    },
    "vicinae": {
      "inputs": {
        "nixpkgs": "nixpkgs_2",
        "numen": "numen",
        "soulver-cpp": "soulver-cpp",
        "systems": "systems"
      },
      "locked": {
        "lastModified": 1790080493,
        "narHash": "sha256-au8LILK+GzBEkE7cGNlnL8Ifb/MJL0/cCFOUpiVNVvg=",
        "owner": "vicinaehq",
        "repo": "vicinae",
        "rev": "a317d173cdfd5cc8ce4ec9f5c0c4082b98342f23",
        "type": "github"
      },
      "original": {
        "owner": "vicinaehq",
        "repo": "vicinae",
        "type": "github"
      }
    },
    "wrapper-modules": {
      "inputs": {
        "nixpkgs": "nixpkgs_3"
      },
      "locked": {
        "lastModified": 1788981141,
        "narHash": "sha256-7xWS16u13YGlRNKWaAPzRbEyh4OLOXJe31k7h4AnXNU=",
        "owner": "BirdeeHub",
        "repo": "nix-wrapper-modules",
        "rev": "1db3c116a6aa61823f8d8f3c47c306846428fc54",
        "type": "github"
      },
      "original": {
        "owner": "BirdeeHub",
        "repo": "nix-wrapper-modules",
        "type": "github"
      }
    }
  },
  "root": "root",
  "version": 7
}
